// !$*UTF8*$!
{
	archiveVersion = 1;
	classes = {
	};
	objectVersion = 77;
	objects = {

/* Begin PBXContainerItemProxy section */
		6FF813E82E2A7D3B00F79237 /* PBXContainerItemProxy */ = {
			isa = PBXContainerItemProxy;
			containerPortal = 6FF813D22E2A7D3900F79237 /* Project object */;
			proxyType = 1;
			remoteGlobalIDString = 6FF813D92E2A7D3900F79237;
			remoteInfo = "iOS Udemy";
		};
		6FF813F22E2A7D3B00F79237 /* PBXContainerItemProxy */ = {
			isa = PBXContainerItemProxy;
			containerPortal = 6FF813D22E2A7D3900F79237 /* Project object */;
			proxyType = 1;
			remoteGlobalIDString = 6FF813D92E2A7D3900F79237;
			remoteInfo = "iOS Udemy";
		};
/* End PBXContainerItemProxy section */

/* Begin PBXFileReference section */
		6FF813DA2E2A7D3900F79237 /* iOS Udemy.app */ = {isa = PBXFileReference; explicitFileType = wrapper.application; includeInIndex = 0; path = "iOS Udemy.app"; sourceTree = BUILT_PRODUCTS_DIR; };
		6FF813E72E2A7D3B00F79237 /* iOS UdemyTests.xctest */ = {isa = PBXFileReference; explicitFileType = wrapper.cfbundle; includeInIndex = 0; path = "iOS UdemyTests.xctest"; sourceTree = BUILT_PRODUCTS_DIR; };
		6FF813F12E2A7D3B00F79237 /* iOS UdemyUITests.xctest */ = {isa = PBXFileReference; explicitFileType = wrapper.cfbundle; includeInIndex = 0; path = "iOS UdemyUITests.xctest"; sourceTree = BUILT_PRODUCTS_DIR; };
/* End PBXFileReference section */

/* Begin PBXFileSystemSynchronizedRootGroup section */
		6FF813DC2E2A7D3900F79237 /* iOS Udemy */ = {
			isa = PBXFileSystemSynchronizedRootGroup;
			path = "iOS Udemy";
			sourceTree = "<group>";
		};
		6FF813EA2E2A7D3B00F79237 /* iOS UdemyTests */ = {
			isa = PBXFileSystemSynchronizedRootGroup;
			path = "iOS UdemyTests";
			sourceTree = "<group>";
		};
		6FF813F42E2A7D3B00F79237 /* iOS UdemyUITests */ = {
			isa = PBXFileSystemSynchronizedRootGroup;
			path = "iOS UdemyUITests";
			sourceTree = "<group>";
		};
/* End PBXFileSystemSynchronizedRootGroup section */

/* Begin PBXFrameworksBuildPhase section */
		6FF813D72E2A7D3900F79237 /* Frameworks */ = {
			isa = PBXFrameworksBuildPhase;
			buildActionMask = 2147483647;
			files = (
			);
			runOnlyForDeploymentPostprocessing = 0;
		};
		6FF813E42E2A7D3B00F79237 /* Frameworks */ = {
			isa = PBXFrameworksBuildPhase;
			buildActionMask = 2147483647;
			files = (
			);
			runOnlyForDeploymentPostprocessing = 0;
		};
		6FF813EE2E2A7D3B00F79237 /* Frameworks */ = {
			isa = PBXFrameworksBuildPhase;
			buildActionMask = 2147483647;
			files = (
			);
			runOnlyForDeploymentPostprocessing = 0;
		};
/* End PBXFrameworksBuildPhase section */

/* Begin PBXGroup section */
		6FF813D12E2A7D3900F79237 = {
			isa = PBXGroup;
			children = (
				6FF813DC2E2A7D3900F79237 /* iOS Udemy */,
				6FF813EA2E2A7D3B00F79237 /* iOS UdemyTests */,
				6FF813F42E2A7D3B00F79237 /* iOS UdemyUITests */,
				6FF813DB2E2A7D3900F79237 /* Products */,
			);
			sourceTree = "<group>";
		};
		6FF813DB2E2A7D3900F79237 /* Products */ = {
			isa = PBXGroup;
			children = (
				6FF813DA2E2A7D3900F79237 /* iOS Udemy.app */,
				6FF813E72E2A7D3B00F79237 /* iOS UdemyTests.xctest */,
				6FF813F12E2A7D3B00F79237 /* iOS UdemyUITests.xctest */,
			);
			name = Products;
			sourceTree = "<group>";
		};
/* End PBXGroup section */

/* Begin PBXNativeTarget section */
		6FF813D92E2A7D3900F79237 /* iOS Udemy */ = {
			isa = PBXNativeTarget;
			buildConfigurationList = 6FF813FB2E2A7D3B00F79237 /* Build configuration list for PBXNativeTarget "iOS Udemy" */;
			buildPhases = (
				6FF813D62E2A7D3900F79237 /* Sources */,
				6FF813D72E2A7D3900F79237 /* Frameworks */,
				6FF813D82E2A7D3900F79237 /* Resources */,
			);
			buildRules = (
			);
			dependencies = (
			);
			fileSystemSynchronizedGroups = (
				6FF813DC2E2A7D3900F79237 /* iOS Udemy */,
			);
			name = "iOS Udemy";
			packageProductDependencies = (
			);
			productName = "iOS Udemy";
			productReference = 6FF813DA2E2A7D3900F79237 /* iOS Udemy.app */;
			productType = "com.apple.product-type.application";
		};
		6FF813E62E2A7D3B00F79237 /* iOS UdemyTests */ = {
			isa = PBXNativeTarget;
			buildConfigurationList = 6FF813FE2E2A7D3B00F79237 /* Build configuration list for PBXNativeTarget "iOS UdemyTests" */;
			buildPhases = (
				6FF813E32E2A7D3B00F79237 /* Sources */,
				6FF813E42E2A7D3B00F79237 /* Frameworks */,
				6FF813E52E2A7D3B00F79237 /* Resources */,
			);
			buildRules = (
			);
			dependencies = (
				6FF813E92E2A7D3B00F79237 /* PBXTargetDependency */,
			);
			fileSystemSynchronizedGroups = (
				6FF813EA2E2A7D3B00F79237 /* iOS UdemyTests */,
			);
			name = "iOS UdemyTests";
			packageProductDependencies = (
			);
			productName = "iOS UdemyTests";
			productReference = 6FF813E72E2A7D3B00F79237 /* iOS UdemyTests.xctest */;
			productType = "com.apple.product-type.bundle.unit-test";
		};
		6FF813F02E2A7D3B00F79237 /* iOS UdemyUITests */ = {
			isa = PBXNativeTarget;
			buildConfigurationList = 6FF814012E2A7D3B00F79237 /* Build configuration list for PBXNativeTarget "iOS UdemyUITests" */;
			buildPhases = (
				6FF813ED2E2A7D3B00F79237 /* Sources */,
				6FF813EE2E2A7D3B00F79237 /* Frameworks */,
				6FF813EF2E2A7D3B00F79237 /* Resources */,
			);
			buildRules = (
			);
			dependencies = (
				6FF813F32E2A7D3B00F79237 /* PBXTargetDependency */,
			);
			fileSystemSynchronizedGroups = (
				6FF813F42E2A7D3B00F79237 /* iOS UdemyUITests */,
			);
			name = "iOS UdemyUITests";
			packageProductDependencies = (
			);
			productName = "iOS UdemyUITests";
			productReference = 6FF813F12E2A7D3B00F79237 /* iOS UdemyUITests.xctest */;
			productType = "com.apple.product-type.bundle.ui-testing";
		};
/* End PBXNativeTarget section */

/* Begin PBXProject section */
		6FF813D22E2A7D3900F79237 /* Project object */ = {
			isa = PBXProject;
			attributes = {
				BuildIndependentTargetsInParallel = 1;
				LastSwiftUpdateCheck = 1640;
				LastUpgradeCheck = 1640;
				TargetAttributes = {
					6FF813D92E2A7D3900F79237 = {
						CreatedOnToolsVersion = 16.4;
					};
					6FF813E62E2A7D3B00F79237 = {
						CreatedOnToolsVersion = 16.4;
						TestTargetID = 6FF813D92E2A7D3900F79237;
					};
					6FF813F02E2A7D3B00F79237 = {
						CreatedOnToolsVersion = 16.4;
						TestTargetID = 6FF813D92E2A7D3900F79237;
					};
				};
			};
			buildConfigurationList = 6FF813D52E2A7D3900F79237 /* Build configuration list for PBXProject "iOS Udemy" */;
			developmentRegion = en;
			hasScannedForEncodings = 0;
			knownRegions = (
				en,
				Base,
			);
			mainGroup = 6FF813D12E2A7D3900F79237;
			minimizedProjectReferenceProxies = 1;
			preferredProjectObjectVersion = 77;
			productRefGroup = 6FF813DB2E2A7D3900F79237 /* Products */;
			projectDirPath = "";
			projectRoot = "";
			targets = (
				6FF813D92E2A7D3900F79237 /* iOS Udemy */,
				6FF813E62E2A7D3B00F79237 /* iOS UdemyTests */,
				6FF813F02E2A7D3B00F79237 /* iOS UdemyUITests */,
			);
		};
/* End PBXProject section */

/* Begin PBXResourcesBuildPhase section */
		6FF813D82E2A7D3900F79237 /* Resources */ = {
			isa = PBXResourcesBuildPhase;
			buildActionMask = 2147483647;
			files = (
			);
			runOnlyForDeploymentPostprocessing = 0;
		};
		6FF813E52E2A7D3B00F79237 /* Resources */ = {
			isa = PBXResourcesBuildPhase;
			buildActionMask = 2147483647;
			files = (
			);
			runOnlyForDeploymentPostprocessing = 0;
		};
		6FF813EF2E2A7D3B00F79237 /* Resources */ = {
			isa = PBXResourcesBuildPhase;
			buildActionMask = 2147483647;
			files = (
			);
			runOnlyForDeploymentPostprocessing = 0;
		};
/* End PBXResourcesBuildPhase section */

/* Begin PBXSourcesBuildPhase section */
		6FF813D62E2A7D3900F79237 /* Sources */ = {
			isa = PBXSourcesBuildPhase;
			buildActionMask = 2147483647;
			files = (
			);
			runOnlyForDeploymentPostprocessing = 0;
		};
		6FF813E32E2A7D3B00F79237 /* Sources */ = {
			isa = PBXSourcesBuildPhase;
			buildActionMask = 2147483647;
			files = (
			);
			runOnlyForDeploymentPostprocessing = 0;
		};
		6FF813ED2E2A7D3B00F79237 /* Sources */ = {
			isa = PBXSourcesBuildPhase;
			buildActionMask = 2147483647;
			files = (
			);
			runOnlyForDeploymentPostprocessing = 0;
		};
/* End PBXSourcesBuildPhase section */

/* Begin PBXTargetDependency section */
		6FF813E92E2A7D3B00F79237 /* PBXTargetDependency */ = {
			isa = PBXTargetDependency;
			target = 6FF813D92E2A7D3900F79237 /* iOS Udemy */;
			targetProxy = 6FF813E82E2A7D3B00F79237 /* PBXContainerItemProxy */;
		};
		6FF813F32E2A7D3B00F79237 /* PBXTargetDependency */ = {
			isa = PBXTargetDependency;
			target = 6FF813D92E2A7D3900F79237 /* iOS Udemy */;
			targetProxy = 6FF813F22E2A7D3B00F79237 /* PBXContainerItemProxy */;
		};
/* End PBXTargetDependency section */

/* Begin XCBuildConfiguration section */
		6FF813F92E2A7D3B00F79237 /* Debug */ = {
			isa = XCBuildConfiguration;
			buildSettings = {
				ALWAYS_SEARCH_USER_PATHS = NO;
				ASSETCATALOG_COMPILER_GENERATE_SWIFT_ASSET_SYMBOL_EXTENSIONS = YES;
				CLANG_ANALYZER_NONNULL = YES;
				CLANG_ANALYZER_NUMBER_OBJECT_CONVERSION = YES_AGGRESSIVE;
				CLANG_CXX_LANGUAGE_STANDARD = "gnu++20";
				CLANG_ENABLE_MODULES = YES;
				CLANG_ENABLE_OBJC_ARC = YES;
				CLANG_ENABLE_OBJC_WEAK = YES;
				CLANG_WARN_BLOCK_CAPTURE_AUTORELEASING = YES;
				CLANG_WARN_BOOL_CONVERSION = YES;
				CLANG_WARN_COMMA = YES;
				CLANG_WARN_CONSTANT_CONVERSION = YES;
				CLANG_WARN_DEPRECATED_OBJC_IMPLEMENTATIONS = YES;
				CLANG_WARN_DIRECT_OBJC_ISA_USAGE = YES_ERROR;
				CLANG_WARN_DOCUMENTATION_COMMENTS = YES;
				CLANG_WARN_EMPTY_BODY = YES;
				CLANG_WARN_ENUM_CONVERSION = YES;
				CLANG_WARN_INFINITE_RECURSION = YES;
				CLANG_WARN_INT_CONVERSION = YES;
				CLANG_WARN_NON_LITERAL_NULL_CONVERSION = YES;
				CLANG_WARN_OBJC_IMPLICIT_RETAIN_SELF = YES;
				CLANG_WARN_OBJC_LITERAL_CONVERSION = YES;
				CLANG_WARN_OBJC_ROOT_CLASS = YES_ERROR;
				CLANG_WARN_QUOTED_INCLUDE_IN_FRAMEWORK_HEADER = YES;
				CLANG_WARN_RANGE_LOOP_ANALYSIS = YES;
				CLANG_WARN_STRICT_PROTOTYPES = YES;
				CLANG_WARN_SUSPICIOUS_MOVE = YES;
				CLANG_WARN_UNGUARDED_AVAILABILITY = YES_AGGRESSIVE;
				CLANG_WARN_UNREACHABLE_CODE = YES;
				CLANG_WARN__DUPLICATE_METHOD_MATCH = YES;
				COPY_PHASE_STRIP = NO;
				DEBUG_INFORMATION_FORMAT = dwarf;
				DEVELOPMENT_TEAM = 26DKUHR534;
				ENABLE_STRICT_OBJC_MSGSEND = YES;
				ENABLE_TESTABILITY = YES;
				ENABLE_USER_SCRIPT_SANDBOXING = YES;
				GCC_C_LANGUAGE_STANDARD = gnu17;
				GCC_DYNAMIC_NO_PIC = NO;
				GCC_NO_COMMON_BLOCKS = YES;
				GCC_OPTIMIZATION_LEVEL = 0;
				GCC_PREPROCESSOR_DEFINITIONS = (
					"DEBUG=1",
					"$(inherited)",
				);
				GCC_WARN_64_TO_32_BIT_CONVERSION = YES;
				GCC_WARN_ABOUT_RETURN_TYPE = YES_ERROR;
				GCC_WARN_UNDECLARED_SELECTOR = YES;
				GCC_WARN_UNINITIALIZED_AUTOS = YES_AGGRESSIVE;
				GCC_WARN_UNUSED_FUNCTION = YES;
				GCC_WARN_UNUSED_VARIABLE = YES;
				IPHONEOS_DEPLOYMENT_TARGET = 18.5;
				LOCALIZATION_PREFERS_STRING_CATALOGS = YES;
				MTL_ENABLE_DEBUG_INFO = INCLUDE_SOURCE;
				MTL_FAST_MATH = YES;
				ONLY_ACTIVE_ARCH = YES;
				SDKROOT = iphoneos;
				SWIFT_ACTIVE_COMPILATION_CONDITIONS = "DEBUG $(inherited)";
				SWIFT_OPTIMIZATION_LEVEL = "-Onone";
			};
			name = Debug;
		};
		6FF813FA2E2A7D3B00F79237 /* Release */ = {
			isa = XCBuildConfiguration;
			buildSettings = {
				ALWAYS_SEARCH_USER_PATHS = NO;
				ASSETCATALOG_COMPILER_GENERATE_SWIFT_ASSET_SYMBOL_EXTENSIONS = YES;
				CLANG_ANALYZER_NONNULL = YES;
				CLANG_ANALYZER_NUMBER_OBJECT_CONVERSION = YES_AGGRESSIVE;
				CLANG_CXX_LANGUAGE_STANDARD = "gnu++20";
				CLANG_ENABLE_MODULES = YES;
				CLANG_ENABLE_OBJC_ARC = YES;
				CLANG_ENABLE_OBJC_WEAK = YES;
				CLANG_WARN_BLOCK_CAPTURE_AUTORELEASING = YES;
				CLANG_WARN_BOOL_CONVERSION = YES;
				CLANG_WARN_COMMA = YES;
				CLANG_WARN_CONSTANT_CONVERSION = YES;
				CLANG_WARN_DEPRECATED_OBJC_IMPLEMENTATIONS = YES;
				CLANG_WARN_DIRECT_OBJC_ISA_USAGE = YES_ERROR;
				CLANG_WARN_DOCUMENTATION_COMMENTS = YES;
				CLANG_WARN_EMPTY_BODY = YES;
				CLANG_WARN_ENUM_CONVERSION = YES;
				CLANG_WARN_INFINITE_RECURSION = YES;
				CLANG_WARN_INT_CONVERSION = YES;
				CLANG_WARN_NON_LITERAL_NULL_CONVERSION = YES;
				CLANG_WARN_OBJC_IMPLICIT_RETAIN_SELF = YES;
				CLANG_WARN_OBJC_LITERAL_CONVERSION = YES;
				CLANG_WARN_OBJC_ROOT_CLASS = YES_ERROR;
				CLANG_WARN_QUOTED_INCLUDE_IN_FRAMEWORK_HEADER = YES;
				CLANG_WARN_RANGE_LOOP_ANALYSIS = YES;
				CLANG_WARN_STRICT_PROTOTYPES = YES;
				CLANG_WARN_SUSPICIOUS_MOVE = YES;
				CLANG_WARN_UNGUARDED_AVAILABILITY = YES_AGGRESSIVE;
				CLANG_WARN_UNREACHABLE_CODE = YES;
				CLANG_WARN__DUPLICATE_METHOD_MATCH = YES;
				COPY_PHASE_STRIP = NO;
				DEBUG_INFORMATION_FORMAT = "dwarf-with-dsym";
				DEVELOPMENT_TEAM = 26DKUHR534;
				ENABLE_NS_ASSERTIONS = NO;
				ENABLE_STRICT_OBJC_MSGSEND = YES;
				ENABLE_USER_SCRIPT_SANDBOXING = YES;
				GCC_C_LANGUAGE_STANDARD = gnu17;
				GCC_NO_COMMON_BLOCKS = YES;
				GCC_WARN_64_TO_32_BIT_CONVERSION = YES;
				GCC_WARN_ABOUT_RETURN_TYPE = YES_ERROR;
				GCC_WARN_UNDECLARED_SELECTOR = YES;
				GCC_WARN_UNINITIALIZED_AUTOS = YES_AGGRESSIVE;
				GCC_WARN_UNUSED_FUNCTION = YES;
				GCC_WARN_UNUSED_VARIABLE = YES;
				IPHONEOS_DEPLOYMENT_TARGET = 18.5;
				LOCALIZATION_PREFERS_STRING_CATALOGS = YES;
				MTL_ENABLE_DEBUG_INFO = NO;
				MTL_FAST_MATH = YES;
				SDKROOT = iphoneos;
				SWIFT_COMPILATION_MODE = wholemodule;
				VALIDATE_PRODUCT = YES;
			};
			name = Release;
		};
		6FF813FC2E2A7D3B00F79237 /* Debug */ = {
			isa = XCBuildConfiguration;
			buildSettings = {
				ASSETCATALOG_COMPILER_APPICON_NAME = AppIcon;
				ASSETCATALOG_COMPILER_GLOBAL_ACCENT_COLOR_NAME = AccentColor;
				CODE_SIGN_STYLE = Automatic;
				CURRENT_PROJECT_VERSION = 1;
				DEVELOPMENT_TEAM = 26DKUHR534;
				ENABLE_PREVIEWS = YES;
				GENERATE_INFOPLIST_FILE = YES;
				INFOPLIST_KEY_UIApplicationSceneManifest_Generation = YES;
				INFOPLIST_KEY_UIApplicationSupportsIndirectInputEvents = YES;
				INFOPLIST_KEY_UILaunchScreen_Generation = YES;
				INFOPLIST_KEY_UISupportedInterfaceOrientations_iPad = "UIInterfaceOrientationPortrait UIInterfaceOrientationPortraitUpsideDown UIInterfaceOrientationLandscapeLeft UIInterfaceOrientationLandscapeRight";
				INFOPLIST_KEY_UISupportedInterfaceOrientations_iPhone = "UIInterfaceOrientationPortrait UIInterfaceOrientationLandscapeLeft UIInterfaceOrientationLandscapeRight";
				LD_RUNPATH_SEARCH_PATHS = (
					"$(inherited)",
					"@executable_path/Frameworks",
				);
				MARKETING_VERSION = 1.0;
				PRODUCT_BUNDLE_IDENTIFIER = "SwiftUI.iOS-Udemy";
				PRODUCT_NAME = "$(TARGET_NAME)";
				SWIFT_EMIT_LOC_STRINGS = YES;
				SWIFT_VERSION = 5.0;
				TARGETED_DEVICE_FAMILY = "1,2";
			};
			name = Debug;
		};
		6FF813FD2E2A7D3B00F79237 /* Release */ = {
			isa = XCBuildConfiguration;
			buildSettings = {
				ASSETCATALOG_COMPILER_APPICON_NAME = AppIcon;
				ASSETCATALOG_COMPILER_GLOBAL_ACCENT_COLOR_NAME = AccentColor;
				CODE_SIGN_STYLE = Automatic;
				CURRENT_PROJECT_VERSION = 1;
				DEVELOPMENT_TEAM = 26DKUHR534;
				ENABLE_PREVIEWS = YES;
				GENERATE_INFOPLIST_FILE = YES;
				INFOPLIST_KEY_UIApplicationSceneManifest_Generation = YES;
				INFOPLIST_KEY_UIApplicationSupportsIndirectInputEvents = YES;
				INFOPLIST_KEY_UILaunchScreen_Generation = YES;
				INFOPLIST_KEY_UISupportedInterfaceOrientations_iPad = "UIInterfaceOrientationPortrait UIInterfaceOrientationPortraitUpsideDown UIInterfaceOrientationLandscapeLeft UIInterfaceOrientationLandscapeRight";
				INFOPLIST_KEY_UISupportedInterfaceOrientations_iPhone = "UIInterfaceOrientationPortrait UIInterfaceOrientationLandscapeLeft UIInterfaceOrientationLandscapeRight";
				LD_RUNPATH_SEARCH_PATHS = (
					"$(inherited)",
					"@executable_path/Frameworks",
				);
				MARKETING_VERSION = 1.0;
				PRODUCT_BUNDLE_IDENTIFIER = "SwiftUI.iOS-Udemy";
				PRODUCT_NAME = "$(TARGET_NAME)";
				SWIFT_EMIT_LOC_STRINGS = YES;
				SWIFT_VERSION = 5.0;
				TARGETED_DEVICE_FAMILY = "1,2";
			};
			name = Release;
		};
		6FF813FF2E2A7D3B00F79237 /* Debug */ = {
			isa = XCBuildConfiguration;
			buildSettings = {
				BUNDLE_LOADER = "$(TEST_HOST)";
				CODE_SIGN_STYLE = Automatic;
				CURRENT_PROJECT_VERSION = 1;
				DEVELOPMENT_TEAM = 26DKUHR534;
				GENERATE_INFOPLIST_FILE = YES;
				IPHONEOS_DEPLOYMENT_TARGET = 18.5;
				MARKETING_VERSION = 1.0;
				PRODUCT_BUNDLE_IDENTIFIER = "SwiftUI.iOS-UdemyTests";
				PRODUCT_NAME = "$(TARGET_NAME)";
				SWIFT_EMIT_LOC_STRINGS = NO;
				SWIFT_VERSION = 5.0;
				TARGETED_DEVICE_FAMILY = "1,2";
				TEST_HOST = "$(BUILT_PRODUCTS_DIR)/iOS Udemy.app/$(BUNDLE_EXECUTABLE_FOLDER_PATH)/iOS Udemy";
			};
			name = Debug;
		};
		6FF814002E2A7D3B00F79237 /* Release */ = {
			isa = XCBuildConfiguration;
			buildSettings = {
				BUNDLE_LOADER = "$(TEST_HOST)";
				CODE_SIGN_STYLE = Automatic;
				CURRENT_PROJECT_VERSION = 1;
				DEVELOPMENT_TEAM = 26DKUHR534;
				GENERATE_INFOPLIST_FILE = YES;
				IPHONEOS_DEPLOYMENT_TARGET = 18.5;
				MARKETING_VERSION = 1.0;
				PRODUCT_BUNDLE_IDENTIFIER = "SwiftUI.iOS-UdemyTests";
				PRODUCT_NAME = "$(TARGET_NAME)";
				SWIFT_EMIT_LOC_STRINGS = NO;
				SWIFT_VERSION = 5.0;
				TARGETED_DEVICE_FAMILY = "1,2";
				TEST_HOST = "$(BUILT_PRODUCTS_DIR)/iOS Udemy.app/$(BUNDLE_EXECUTABLE_FOLDER_PATH)/iOS Udemy";
			};
			name = Release;
		};
		6FF814022E2A7D3B00F79237 /* Debug */ = {
			isa = XCBuildConfiguration;
			buildSettings = {
				CODE_SIGN_STYLE = Automatic;
				CURRENT_PROJECT_VERSION = 1;
				DEVELOPMENT_TEAM = 26DKUHR534;
				GENERATE_INFOPLIST_FILE = YES;
				MARKETING_VERSION = 1.0;
				PRODUCT_BUNDLE_IDENTIFIER = "SwiftUI.iOS-UdemyUITests";
				PRODUCT_NAME = "$(TARGET_NAME)";
				SWIFT_EMIT_LOC_STRINGS = NO;
				SWIFT_VERSION = 5.0;
				TARGETED_DEVICE_FAMILY = "1,2";
				TEST_TARGET_NAME = "iOS Udemy";
			};
			name = Debug;
		};
		6FF814032E2A7D3B00F79237 /* Release */ = {
			isa = XCBuildConfiguration;
			buildSettings = {
				CODE_SIGN_STYLE = Automatic;
				CURRENT_PROJECT_VERSION = 1;
				DEVELOPMENT_TEAM = 26DKUHR534;
				GENERATE_INFOPLIST_FILE = YES;
				MARKETING_VERSION = 1.0;
				PRODUCT_BUNDLE_IDENTIFIER = "SwiftUI.iOS-UdemyUITests";
				PRODUCT_NAME = "$(TARGET_NAME)";
				SWIFT_EMIT_LOC_STRINGS = NO;
				SWIFT_VERSION = 5.0;
				TARGETED_DEVICE_FAMILY = "1,2";
				TEST_TARGET_NAME = "iOS Udemy";
			};
			name = Release;
		};
/* End XCBuildConfiguration section */

/* Begin XCConfigurationList section */
		6FF813D52E2A7D3900F79237 /* Build configuration list for PBXProject "iOS Udemy" */ = {
			isa = XCConfigurationList;
			buildConfigurations = (
				6FF813F92E2A7D3B00F79237 /* Debug */,
				6FF813FA2E2A7D3B00F79237 /* Release */,
			);
			defaultConfigurationIsVisible = 0;
			defaultConfigurationName = Release;
		};
		6FF813FB2E2A7D3B00F79237 /* Build configuration list for PBXNativeTarget "iOS Udemy" */ = {
			isa = XCConfigurationList;
			buildConfigurations = (
				6FF813FC2E2A7D3B00F79237 /* Debug */,
				6FF813FD2E2A7D3B00F79237 /* Release */,
			);
			defaultConfigurationIsVisible = 0;
			defaultConfigurationName = Release;
		};
		6FF813FE2E2A7D3B00F79237 /* Build configuration list for PBXNativeTarget "iOS UdemyTests" */ = {
			isa = XCConfigurationList;
			buildConfigurations = (
				6FF813FF2E2A7D3B00F79237 /* Debug */,
				6FF814002E2A7D3B00F79237 /* Release */,
			);
			defaultConfigurationIsVisible = 0;
			defaultConfigurationName = Release;
		};
		6FF814012E2A7D3B00F79237 /* Build configuration list for PBXNativeTarget "iOS UdemyUITests" */ = {
			isa = XCConfigurationList;
			buildConfigurations = (
				6FF814022E2A7D3B00F79237 /* Debug */,
				6FF814032E2A7D3B00F79237 /* Release */,
			);
			defaultConfigurationIsVisible = 0;
			defaultConfigurationName = Release;
		};
/* End XCConfigurationList section */
	};
	rootObject = 6FF813D22E2A7D3900F79237 /* Project object */;
}
